// !$*UTF8*$!
{
	archiveVersion = 1;
	classes = {
	};
	objectVersion = 55;
	objects = {

/* Begin PBXBuildFile section */
		94256AB3288B71D3007088F4 /* GuessTheColorApp.swift in Sources */ = {isa = PBXBuildFile; fileRef = 94256AB2288B71D3007088F4 /* GuessTheColorApp.swift */; };
		94256AB5288B71D3007088F4 /* GameView.swift in Sources */ = {isa = PBXBuildFile; fileRef = 94256AB4288B71D3007088F4 /* GameView.swift */; };
		94256AB7288B71D3007088F4 /* Assets.xcassets in Resources */ = {isa = PBXBuildFile; fileRef = 94256AB6288B71D3007088F4 /* Assets.xcassets */; };
		94256ABA288B71D3007088F4 /* Preview Assets.xcassets in Resources */ = {isa = PBXBuildFile; fileRef = 94256AB9288B71D3007088F4 /* Preview Assets.xcassets */; };
		94256AC4288B71D4007088F4 /* GuessTheColorTests.swift in Sources */ = {isa = PBXBuildFile; fileRef = 94256AC3288B71D4007088F4 /* GuessTheColorTests.swift */; };
		94256ACE288B71D4007088F4 /* GuessTheColorUITests.swift in Sources */ = {isa = PBXBuildFile; fileRef = 94256ACD288B71D4007088F4 /* GuessTheColorUITests.swift */; };
		94256AD0288B71D4007088F4 /* GuessTheColorUITestsLaunchTests.swift in Sources */ = {isa = PBXBuildFile; fileRef = 94256ACF288B71D4007088F4 /* GuessTheColorUITestsLaunchTests.swift */; };
		94256ADE288B722B007088F4 /* Game.swift in Sources */ = {isa = PBXBuildFile; fileRef = 94256ADD288B722B007088F4 /* Game.swift */; };
		9434421E288F49E2003DABAB /* Rectangle.swift in Sources */ = {isa = PBXBuildFile; fileRef = 9434421D288F49E2003DABAB /* Rectangle.swift */; };
		94E2995B2890ABB900D4BBA9 /* ButtonView.swift in Sources */ = {isa = PBXBuildFile; fileRef = 94E2995A2890ABB900D4BBA9 /* ButtonView.swift */; };
/* End PBXBuildFile section */

/* Begin PBXContainerItemProxy section */
		94256AC0288B71D4007088F4 /* PBXContainerItemProxy */ = {
			isa = PBXContainerItemProxy;
			containerPortal = 94256AA7288B71D3007088F4 /* Project object */;
			proxyType = 1;
			remoteGlobalIDString = 94256AAE288B71D3007088F4;
			remoteInfo = GuessTheColor;
		};
		94256ACA288B71D4007088F4 /* PBXContainerItemProxy */ = {
			isa = PBXContainerItemProxy;
			containerPortal = 94256AA7288B71D3007088F4 /* Project object */;
			proxyType = 1;
			remoteGlobalIDString = 94256AAE288B71D3007088F4;
			remoteInfo = GuessTheColor;
		};
/* End PBXContainerItemProxy section */

/* Begin PBXFileReference section */
		94256AAF288B71D3007088F4 /* GuessTheColor.app */ = {isa = PBXFileReference; explicitFileType = wrapper.application; includeInIndex = 0; path = GuessTheColor.app; sourceTree = BUILT_PRODUCTS_DIR; };
		94256AB2288B71D3007088F4 /* GuessTheColorApp.swift */ = {isa = PBXFileReference; lastKnownFileType = sourcecode.swift; path = GuessTheColorApp.swift; sourceTree = "<group>"; };
		94256AB4288B71D3007088F4 /* GameView.swift */ = {isa = PBXFileReference; lastKnownFileType = sourcecode.swift; path = GameView.swift; sourceTree = "<group>"; };
		94256AB6288B71D3007088F4 /* Assets.xcassets */ = {isa = PBXFileReference; lastKnownFileType = folder.assetcatalog; path = Assets.xcassets; sourceTree = "<group>"; };
		94256AB9288B71D3007088F4 /* Preview Assets.xcassets */ = {isa = PBXFileReference; lastKnownFileType = folder.assetcatalog; path = "Preview Assets.xcassets"; sourceTree = "<group>"; };
		94256ABF288B71D4007088F4 /* GuessTheColorTests.xctest */ = {isa = PBXFileReference; explicitFileType = wrapper.cfbundle; includeInIndex = 0; path = GuessTheColorTests.xctest; sourceTree = BUILT_PRODUCTS_DIR; };
		94256AC3288B71D4007088F4 /* GuessTheColorTests.swift */ = {isa = PBXFileReference; lastKnownFileType = sourcecode.swift; path = GuessTheColorTests.swift; sourceTree = "<group>"; };
		94256AC9288B71D4007088F4 /* GuessTheColorUITests.xctest */ = {isa = PBXFileReference; explicitFileType = wrapper.cfbundle; includeInIndex = 0; path = GuessTheColorUITests.xctest; sourceTree = BUILT_PRODUCTS_DIR; };
		94256ACD288B71D4007088F4 /* GuessTheColorUITests.swift */ = {isa = PBXFileReference; lastKnownFileType = sourcecode.swift; path = GuessTheColorUITests.swift; sourceTree = "<group>"; };
		94256ACF288B71D4007088F4 /* GuessTheColorUITestsLaunchTests.swift */ = {isa = PBXFileReference; lastKnownFileType = sourcecode.swift; path = GuessTheColorUITestsLaunchTests.swift; sourceTree = "<group>"; };
		94256ADD288B722B007088F4 /* Game.swift */ = {isa = PBXFileReference; lastKnownFileType = sourcecode.swift; path = Game.swift; sourceTree = "<group>"; };
		9434421D288F49E2003DABAB /* Rectangle.swift */ = {isa = PBXFileReference; lastKnownFileType = sourcecode.swift; path = Rectangle.swift; sourceTree = "<group>"; };
		94E2995A2890ABB900D4BBA9 /* ButtonView.swift */ = {isa = PBXFileReference; lastKnownFileType = sourcecode.swift; path = ButtonView.swift; sourceTree = "<group>"; };
/* End PBXFileReference section */

/* Begin PBXFrameworksBuildPhase section */
		94256AAC288B71D3007088F4 /* Frameworks */ = {
			isa = PBXFrameworksBuildPhase;
			buildActionMask = 2147483647;
			files = (
			);
			runOnlyForDeploymentPostprocessing = 0;
		};
		94256ABC288B71D4007088F4 /* Frameworks */ = {
			isa = PBXFrameworksBuildPhase;
			buildActionMask = 2147483647;
			files = (
			);
			runOnlyForDeploymentPostprocessing = 0;
		};
		94256AC6288B71D4007088F4 /* Frameworks */ = {
			isa = PBXFrameworksBuildPhase;
			buildActionMask = 2147483647;
			files = (
			);
			runOnlyForDeploymentPostprocessing = 0;
		};
/* End PBXFrameworksBuildPhase section */

/* Begin PBXGroup section */
		94256AA6288B71D3007088F4 = {
			isa = PBXGroup;
			children = (
				94256AB1288B71D3007088F4 /* GuessTheColor */,
				94256AC2288B71D4007088F4 /* GuessTheColorTests */,
				94256ACC288B71D4007088F4 /* GuessTheColorUITests */,
				94256AB0288B71D3007088F4 /* Products */,
			);
			sourceTree = "<group>";
		};
		94256AB0288B71D3007088F4 /* Products */ = {
			isa = PBXGroup;
			children = (
				94256AAF288B71D3007088F4 /* GuessTheColor.app */,
				94256ABF288B71D4007088F4 /* GuessTheColorTests.xctest */,
				94256AC9288B71D4007088F4 /* GuessTheColorUITests.xctest */,
			);
			name = Products;
			sourceTree = "<group>";
		};
		94256AB1288B71D3007088F4 /* GuessTheColor */ = {
			isa = PBXGroup;
			children = (
				94256ADC288B7208007088F4 /* Models */,
				94256AB2288B71D3007088F4 /* GuessTheColorApp.swift */,
				94256AB4288B71D3007088F4 /* GameView.swift */,
				94E2995A2890ABB900D4BBA9 /* ButtonView.swift */,
				94256AB6288B71D3007088F4 /* Assets.xcassets */,
				94256AB8288B71D3007088F4 /* Preview Content */,
			);
			path = GuessTheColor;
			sourceTree = "<group>";
		};
		94256AB8288B71D3007088F4 /* Preview Content */ = {
			isa = PBXGroup;
			children = (
				94256AB9288B71D3007088F4 /* Preview Assets.xcassets */,
			);
			path = "Preview Content";
			sourceTree = "<group>";
		};
		94256AC2288B71D4007088F4 /* GuessTheColorTests */ = {
			isa = PBXGroup;
			children = (
				94256AC3288B71D4007088F4 /* GuessTheColorTests.swift */,
			);
			path = GuessTheColorTests;
			sourceTree = "<group>";
		};
		94256ACC288B71D4007088F4 /* GuessTheColorUITests */ = {
			isa = PBXGroup;
			children = (
				94256ACD288B71D4007088F4 /* GuessTheColorUITests.swift */,
				94256ACF288B71D4007088F4 /* GuessTheColorUITestsLaunchTests.swift */,
			);
			path = GuessTheColorUITests;
			sourceTree = "<group>";
		};
		94256ADC288B7208007088F4 /* Models */ = {
			isa = PBXGroup;
			children = (
				94256ADD288B722B007088F4 /* Game.swift */,
				9434421D288F49E2003DABAB /* Rectangle.swift */,
			);
			path = Models;
			sourceTree = "<group>";
		};
/* End PBXGroup section */

/* Begin PBXNativeTarget section */
		94256AAE288B71D3007088F4 /* GuessTheColor */ = {
			isa = PBXNativeTarget;
			buildConfigurationList = 94256AD3288B71D4007088F4 /* Build configuration list for PBXNativeTarget "GuessTheColor" */;
			buildPhases = (
				94256AAB288B71D3007088F4 /* Sources */,
				94256AAC288B71D3007088F4 /* Frameworks */,
				94256AAD288B71D3007088F4 /* Resources */,
			);
			buildRules = (
			);
			dependencies = (
			);
			name = GuessTheColor;
			productName = GuessTheColor;
			productReference = 94256AAF288B71D3007088F4 /* GuessTheColor.app */;
			productType = "com.apple.product-type.application";
		};
		94256ABE288B71D4007088F4 /* GuessTheColorTests */ = {
			isa = PBXNativeTarget;
			buildConfigurationList = 94256AD6288B71D4007088F4 /* Build configuration list for PBXNativeTarget "GuessTheColorTests" */;
			buildPhases = (
				94256ABB288B71D4007088F4 /* Sources */,
				94256ABC288B71D4007088F4 /* Frameworks */,
				94256ABD288B71D4007088F4 /* Resources */,
			);
			buildRules = (
			);
			dependencies = (
				94256AC1288B71D4007088F4 /* PBXTargetDependency */,
			);
			name = GuessTheColorTests;
			productName = GuessTheColorTests;
			productReference = 94256ABF288B71D4007088F4 /* GuessTheColorTests.xctest */;
			productType = "com.apple.product-type.bundle.unit-test";
		};
		94256AC8288B71D4007088F4 /* GuessTheColorUITests */ = {
			isa = PBXNativeTarget;
			buildConfigurationList = 94256AD9288B71D4007088F4 /* Build configuration list for PBXNativeTarget "GuessTheColorUITests" */;
			buildPhases = (
				94256AC5288B71D4007088F4 /* Sources */,
				94256AC6288B71D4007088F4 /* Frameworks */,
				94256AC7288B71D4007088F4 /* Resources */,
			);
			buildRules = (
			);
			dependencies = (
				94256ACB288B71D4007088F4 /* PBXTargetDependency */,
			);
			name = GuessTheColorUITests;
			productName = GuessTheColorUITests;
			productReference = 94256AC9288B71D4007088F4 /* GuessTheColorUITests.xctest */;
			productType = "com.apple.product-type.bundle.ui-testing";
		};
/* End PBXNativeTarget section */

/* Begin PBXProject section */
		94256AA7288B71D3007088F4 /* Project object */ = {
			isa = PBXProject;
			attributes = {
				BuildIndependentTargetsInParallel = 1;
				LastSwiftUpdateCheck = 1340;
				LastUpgradeCheck = 1340;
				TargetAttributes = {
					94256AAE288B71D3007088F4 = {
						CreatedOnToolsVersion = 13.4.1;
					};
					94256ABE288B71D4007088F4 = {
						CreatedOnToolsVersion = 13.4.1;
						TestTargetID = 94256AAE288B71D3007088F4;
					};
					94256AC8288B71D4007088F4 = {
						CreatedOnToolsVersion = 13.4.1;
						TestTargetID = 94256AAE288B71D3007088F4;
					};
				};
			};
			buildConfigurationList = 94256AAA288B71D3007088F4 /* Build configuration list for PBXProject "GuessTheColor" */;
			compatibilityVersion = "Xcode 13.0";
			developmentRegion = en;
			hasScannedForEncodings = 0;
			knownRegions = (
				en,
				Base,
			);
			mainGroup = 94256AA6288B71D3007088F4;
			productRefGroup = 94256AB0288B71D3007088F4 /* Products */;
			projectDirPath = "";
			projectRoot = "";
			targets = (
				94256AAE288B71D3007088F4 /* GuessTheColor */,
				94256ABE288B71D4007088F4 /* GuessTheColorTests */,
				94256AC8288B71D4007088F4 /* GuessTheColorUITests */,
			);
		};
/* End PBXProject section */

/* Begin PBXResourcesBuildPhase section */
		94256AAD288B71D3007088F4 /* Resources */ = {
			isa = PBXResourcesBuildPhase;
			buildActionMask = 2147483647;
			files = (
				94256ABA288B71D3007088F4 /* Preview Assets.xcassets in Resources */,
				94256AB7288B71D3007088F4 /* Assets.xcassets in Resources */,
			);
			runOnlyForDeploymentPostprocessing = 0;
		};
		94256ABD288B71D4007088F4 /* Resources */ = {
			isa = PBXResourcesBuildPhase;
			buildActionMask = 2147483647;
			files = (
			);
			runOnlyForDeploymentPostprocessing = 0;
		};
		94256AC7288B71D4007088F4 /* Resources */ = {
			isa = PBXResourcesBuildPhase;
			buildActionMask = 2147483647;
			files = (
			);
			runOnlyForDeploymentPostprocessing = 0;
		};
/* End PBXResourcesBuildPhase section */

/* Begin PBXSourcesBuildPhase section */
		94256AAB288B71D3007088F4 /* Sources */ = {
			isa = PBXSourcesBuildPhase;
			buildActionMask = 2147483647;
			files = (
				94256AB5288B71D3007088F4 /* GameView.swift in Sources */,
				94256ADE288B722B007088F4 /* Game.swift in Sources */,
				94E2995B2890ABB900D4BBA9 /* ButtonView.swift in Sources */,
				94256AB3288B71D3007088F4 /* GuessTheColorApp.swift in Sources */,
				9434421E288F49E2003DABAB /* Rectangle.swift in Sources */,
			);
			runOnlyForDeploymentPostprocessing = 0;
		};
		94256ABB288B71D4007088F4 /* Sources */ = {
			isa = PBXSourcesBuildPhase;
			buildActionMask = 2147483647;
			files = (
				94256AC4288B71D4007088F4 /* GuessTheColorTests.swift in Sources */,
			);
			runOnlyForDeploymentPostprocessing = 0;
		};
		94256AC5288B71D4007088F4 /* Sources */ = {
			isa = PBXSourcesBuildPhase;
			buildActionMask = 2147483647;
			files = (
				94256AD0288B71D4007088F4 /* GuessTheColorUITestsLaunchTests.swift in Sources */,
				94256ACE288B71D4007088F4 /* GuessTheColorUITests.swift in Sources */,
			);
			runOnlyForDeploymentPostprocessing = 0;
		};
/* End PBXSourcesBuildPhase section */

/* Begin PBXTargetDependency section */
		94256AC1288B71D4007088F4 /* PBXTargetDependency */ = {
			isa = PBXTargetDependency;
			target = 94256AAE288B71D3007088F4 /* GuessTheColor */;
			targetProxy = 94256AC0288B71D4007088F4 /* PBXContainerItemProxy */;
		};
		94256ACB288B71D4007088F4 /* PBXTargetDependency */ = {
			isa = PBXTargetDependency;
			target = 94256AAE288B71D3007088F4 /* GuessTheColor */;
			targetProxy = 94256ACA288B71D4007088F4 /* PBXContainerItemProxy */;
		};
/* End PBXTargetDependency section */

/* Begin XCBuildConfiguration section */
		94256AD1288B71D4007088F4 /* Debug */ = {
			isa = XCBuildConfiguration;
			buildSettings = {
				ALWAYS_SEARCH_USER_PATHS = NO;
				CLANG_ANALYZER_NONNULL = YES;
				CLANG_ANALYZER_NUMBER_OBJECT_CONVERSION = YES_AGGRESSIVE;
				CLANG_CXX_LANGUAGE_STANDARD = "gnu++17";
				CLANG_ENABLE_MODULES = YES;
				CLANG_ENABLE_OBJC_ARC = YES;
				CLANG_ENABLE_OBJC_WEAK = YES;
				CLANG_WARN_BLOCK_CAPTURE_AUTORELEASING = YES;
				CLANG_WARN_BOOL_CONVERSION = YES;
				CLANG_WARN_COMMA = YES;
				CLANG_WARN_CONSTANT_CONVERSION = YES;
				CLANG_WARN_DEPRECATED_OBJC_IMPLEMENTATIONS = YES;
				CLANG_WARN_DIRECT_OBJC_ISA_USAGE = YES_ERROR;
				CLANG_WARN_DOCUMENTATION_COMMENTS = YES;
				CLANG_WARN_EMPTY_BODY = YES;
				CLANG_WARN_ENUM_CONVERSION = YES;
				CLANG_WARN_INFINITE_RECURSION = YES;
				CLANG_WARN_INT_CONVERSION = YES;
				CLANG_WARN_NON_LITERAL_NULL_CONVERSION = YES;
				CLANG_WARN_OBJC_IMPLICIT_RETAIN_SELF = YES;
				CLANG_WARN_OBJC_LITERAL_CONVERSION = YES;
				CLANG_WARN_OBJC_ROOT_CLASS = YES_ERROR;
				CLANG_WARN_QUOTED_INCLUDE_IN_FRAMEWORK_HEADER = YES;
				CLANG_WARN_RANGE_LOOP_ANALYSIS = YES;
				CLANG_WARN_STRICT_PROTOTYPES = YES;
				CLANG_WARN_SUSPICIOUS_MOVE = YES;
				CLANG_WARN_UNGUARDED_AVAILABILITY = YES_AGGRESSIVE;
				CLANG_WARN_UNREACHABLE_CODE = YES;
				CLANG_WARN__DUPLICATE_METHOD_MATCH = YES;
				COPY_PHASE_STRIP = NO;
				DEBUG_INFORMATION_FORMAT = dwarf;
				ENABLE_STRICT_OBJC_MSGSEND = YES;
				ENABLE_TESTABILITY = YES;
				GCC_C_LANGUAGE_STANDARD = gnu11;
				GCC_DYNAMIC_NO_PIC = NO;
				GCC_NO_COMMON_BLOCKS = YES;
				GCC_OPTIMIZATION_LEVEL = 0;
				GCC_PREPROCESSOR_DEFINITIONS = (
					"DEBUG=1",
					"$(inherited)",
				);
				GCC_WARN_64_TO_32_BIT_CONVERSION = YES;
				GCC_WARN_ABOUT_RETURN_TYPE = YES_ERROR;
				GCC_WARN_UNDECLARED_SELECTOR = YES;
				GCC_WARN_UNINITIALIZED_AUTOS = YES_AGGRESSIVE;
				GCC_WARN_UNUSED_FUNCTION = YES;
				GCC_WARN_UNUSED_VARIABLE = YES;
				IPHONEOS_DEPLOYMENT_TARGET = 15.5;
				MTL_ENABLE_DEBUG_INFO = INCLUDE_SOURCE;
				MTL_FAST_MATH = YES;
				ONLY_ACTIVE_ARCH = YES;
				SDKROOT = iphoneos;
				SWIFT_ACTIVE_COMPILATION_CONDITIONS = DEBUG;
				SWIFT_OPTIMIZATION_LEVEL = "-Onone";
			};
			name = Debug;
		};
		94256AD2288B71D4007088F4 /* Release */ = {
			isa = XCBuildConfiguration;
			buildSettings = {
				ALWAYS_SEARCH_USER_PATHS = NO;
				CLANG_ANALYZER_NONNULL = YES;
				CLANG_ANALYZER_NUMBER_OBJECT_CONVERSION = YES_AGGRESSIVE;
				CLANG_CXX_LANGUAGE_STANDARD = "gnu++17";
				CLANG_ENABLE_MODULES = YES;
				CLANG_ENABLE_OBJC_ARC = YES;
				CLANG_ENABLE_OBJC_WEAK = YES;
				CLANG_WARN_BLOCK_CAPTURE_AUTORELEASING = YES;
				CLANG_WARN_BOOL_CONVERSION = YES;
				CLANG_WARN_COMMA = YES;
				CLANG_WARN_CONSTANT_CONVERSION = YES;
				CLANG_WARN_DEPRECATED_OBJC_IMPLEMENTATIONS = YES;
				CLANG_WARN_DIRECT_OBJC_ISA_USAGE = YES_ERROR;
				CLANG_WARN_DOCUMENTATION_COMMENTS = YES;
				CLANG_WARN_EMPTY_BODY = YES;
				CLANG_WARN_ENUM_CONVERSION = YES;
				CLANG_WARN_INFINITE_RECURSION = YES;
				CLANG_WARN_INT_CONVERSION = YES;
				CLANG_WARN_NON_LITERAL_NULL_CONVERSION = YES;
				CLANG_WARN_OBJC_IMPLICIT_RETAIN_SELF = YES;
				CLANG_WARN_OBJC_LITERAL_CONVERSION = YES;
				CLANG_WARN_OBJC_ROOT_CLASS = YES_ERROR;
				CLANG_WARN_QUOTED_INCLUDE_IN_FRAMEWORK_HEADER = YES;
				CLANG_WARN_RANGE_LOOP_ANALYSIS = YES;
				CLANG_WARN_STRICT_PROTOTYPES = YES;
				CLANG_WARN_SUSPICIOUS_MOVE = YES;
				CLANG_WARN_UNGUARDED_AVAILABILITY = YES_AGGRESSIVE;
				CLANG_WARN_UNREACHABLE_CODE = YES;
				CLANG_WARN__DUPLICATE_METHOD_MATCH = YES;
				COPY_PHASE_STRIP = NO;
				DEBUG_INFORMATION_FORMAT = "dwarf-with-dsym";
				ENABLE_NS_ASSERTIONS = NO;
				ENABLE_STRICT_OBJC_MSGSEND = YES;
				GCC_C_LANGUAGE_STANDARD = gnu11;
				GCC_NO_COMMON_BLOCKS = YES;
				GCC_WARN_64_TO_32_BIT_CONVERSION = YES;
				GCC_WARN_ABOUT_RETURN_TYPE = YES_ERROR;
				GCC_WARN_UNDECLARED_SELECTOR = YES;
				GCC_WARN_UNINITIALIZED_AUTOS = YES_AGGRESSIVE;
				GCC_WARN_UNUSED_FUNCTION = YES;
				GCC_WARN_UNUSED_VARIABLE = YES;
				IPHONEOS_DEPLOYMENT_TARGET = 15.5;
				MTL_ENABLE_DEBUG_INFO = NO;
				MTL_FAST_MATH = YES;
				SDKROOT = iphoneos;
				SWIFT_COMPILATION_MODE = wholemodule;
				SWIFT_OPTIMIZATION_LEVEL = "-O";
				VALIDATE_PRODUCT = YES;
			};
			name = Release;
		};
		94256AD4288B71D4007088F4 /* Debug */ = {
			isa = XCBuildConfiguration;
			buildSettings = {
				ASSETCATALOG_COMPILER_APPICON_NAME = AppIcon;
				ASSETCATALOG_COMPILER_GLOBAL_ACCENT_COLOR_NAME = AccentColor;
				CODE_SIGN_STYLE = Automatic;
				CURRENT_PROJECT_VERSION = 1;
				DEVELOPMENT_ASSET_PATHS = "\"GuessTheColor/Preview Content\"";
				ENABLE_PREVIEWS = YES;
				GENERATE_INFOPLIST_FILE = YES;
				INFOPLIST_KEY_UIApplicationSceneManifest_Generation = YES;
				INFOPLIST_KEY_UIApplicationSupportsIndirectInputEvents = YES;
				INFOPLIST_KEY_UILaunchScreen_Generation = YES;
				INFOPLIST_KEY_UISupportedInterfaceOrientations_iPad = "UIInterfaceOrientationPortrait UIInterfaceOrientationPortraitUpsideDown UIInterfaceOrientationLandscapeLeft UIInterfaceOrientationLandscapeRight";
				INFOPLIST_KEY_UISupportedInterfaceOrientations_iPhone = "UIInterfaceOrientationPortrait UIInterfaceOrientationLandscapeLeft UIInterfaceOrientationLandscapeRight";
				LD_RUNPATH_SEARCH_PATHS = (
					"$(inherited)",
					"@executable_path/Frameworks",
				);
				MARKETING_VERSION = 1.0;
				PRODUCT_BUNDLE_IDENTIFIER = MattSilveria.GuessTheColor;
				PRODUCT_NAME = "$(TARGET_NAME)";
				SWIFT_EMIT_LOC_STRINGS = YES;
				SWIFT_VERSION = 5.0;
				TARGETED_DEVICE_FAMILY = "1,2";
			};
			name = Debug;
		};
		94256AD5288B71D4007088F4 /* Release */ = {
			isa = XCBuildConfiguration;
			buildSettings = {
				ASSETCATALOG_COMPILER_APPICON_NAME = AppIcon;
				ASSETCATALOG_COMPILER_GLOBAL_ACCENT_COLOR_NAME = AccentColor;
				CODE_SIGN_STYLE = Automatic;
				CURRENT_PROJECT_VERSION = 1;
				DEVELOPMENT_ASSET_PATHS = "\"GuessTheColor/Preview Content\"";
				ENABLE_PREVIEWS = YES;
				GENERATE_INFOPLIST_FILE = YES;
				INFOPLIST_KEY_UIApplicationSceneManifest_Generation = YES;
				INFOPLIST_KEY_UIApplicationSupportsIndirectInputEvents = YES;
				INFOPLIST_KEY_UILaunchScreen_Generation = YES;
				INFOPLIST_KEY_UISupportedInterfaceOrientations_iPad = "UIInterfaceOrientationPortrait UIInterfaceOrientationPortraitUpsideDown UIInterfaceOrientationLandscapeLeft UIInterfaceOrientationLandscapeRight";
				INFOPLIST_KEY_UISupportedInterfaceOrientations_iPhone = "UIInterfaceOrientationPortrait UIInterfaceOrientationLandscapeLeft UIInterfaceOrientationLandscapeRight";
				LD_RUNPATH_SEARCH_PATHS = (
					"$(inherited)",
					"@executable_path/Frameworks",
				);
				MARKETING_VERSION = 1.0;
				PRODUCT_BUNDLE_IDENTIFIER = MattSilveria.GuessTheColor;
				PRODUCT_NAME = "$(TARGET_NAME)";
				SWIFT_EMIT_LOC_STRINGS = YES;
				SWIFT_VERSION = 5.0;
				TARGETED_DEVICE_FAMILY = "1,2";
			};
			name = Release;
		};
		94256AD7288B71D4007088F4 /* Debug */ = {
			isa = XCBuildConfiguration;
			buildSettings = {
				ALWAYS_EMBED_SWIFT_STANDARD_LIBRARIES = YES;
				BUNDLE_LOADER = "$(TEST_HOST)";
				CODE_SIGN_STYLE = Automatic;
				CURRENT_PROJECT_VERSION = 1;
				GENERATE_INFOPLIST_FILE = YES;
				IPHONEOS_DEPLOYMENT_TARGET = 15.5;
				MARKETING_VERSION = 1.0;
				PRODUCT_BUNDLE_IDENTIFIER = MattSilveria.GuessTheColorTests;
				PRODUCT_NAME = "$(TARGET_NAME)";
				SWIFT_EMIT_LOC_STRINGS = NO;
				SWIFT_VERSION = 5.0;
				TARGETED_DEVICE_FAMILY = "1,2";
				TEST_HOST = "$(BUILT_PRODUCTS_DIR)/GuessTheColor.app/GuessTheColor";
			};
			name = Debug;
		};
		94256AD8288B71D4007088F4 /* Release */ = {
			isa = XCBuildConfiguration;
			buildSettings = {
				ALWAYS_EMBED_SWIFT_STANDARD_LIBRARIES = YES;
				BUNDLE_LOADER = "$(TEST_HOST)";
				CODE_SIGN_STYLE = Automatic;
				CURRENT_PROJECT_VERSION = 1;
				GENERATE_INFOPLIST_FILE = YES;
				IPHONEOS_DEPLOYMENT_TARGET = 15.5;
				MARKETING_VERSION = 1.0;
				PRODUCT_BUNDLE_IDENTIFIER = MattSilveria.GuessTheColorTests;
				PRODUCT_NAME = "$(TARGET_NAME)";
				SWIFT_EMIT_LOC_STRINGS = NO;
				SWIFT_VERSION = 5.0;
				TARGETED_DEVICE_FAMILY = "1,2";
				TEST_HOST = "$(BUILT_PRODUCTS_DIR)/GuessTheColor.app/GuessTheColor";
			};
			name = Release;
		};
		94256ADA288B71D4007088F4 /* Debug */ = {
			isa = XCBuildConfiguration;
			buildSettings = {
				ALWAYS_EMBED_SWIFT_STANDARD_LIBRARIES = YES;
				CODE_SIGN_STYLE = Automatic;
				CURRENT_PROJECT_VERSION = 1;
				GENERATE_INFOPLIST_FILE = YES;
				MARKETING_VERSION = 1.0;
				PRODUCT_BUNDLE_IDENTIFIER = MattSilveria.GuessTheColorUITests;
				PRODUCT_NAME = "$(TARGET_NAME)";
				SWIFT_EMIT_LOC_STRINGS = NO;
				SWIFT_VERSION = 5.0;
				TARGETED_DEVICE_FAMILY = "1,2";
				TEST_TARGET_NAME = GuessTheColor;
			};
			name = Debug;
		};
		94256ADB288B71D4007088F4 /* Release */ = {
			isa = XCBuildConfiguration;
			buildSettings = {
				ALWAYS_EMBED_SWIFT_STANDARD_LIBRARIES = YES;
				CODE_SIGN_STYLE = Automatic;
				CURRENT_PROJECT_VERSION = 1;
				GENERATE_INFOPLIST_FILE = YES;
				MARKETING_VERSION = 1.0;
				PRODUCT_BUNDLE_IDENTIFIER = MattSilveria.GuessTheColorUITests;
				PRODUCT_NAME = "$(TARGET_NAME)";
				SWIFT_EMIT_LOC_STRINGS = NO;
				SWIFT_VERSION = 5.0;
				TARGETED_DEVICE_FAMILY = "1,2";
				TEST_TARGET_NAME = GuessTheColor;
			};
			name = Release;
		};
/* End XCBuildConfiguration section */

/* Begin XCConfigurationList section */
		94256AAA288B71D3007088F4 /* Build configuration list for PBXProject "GuessTheColor" */ = {
			isa = XCConfigurationList;
			buildConfigurations = (
				94256AD1288B71D4007088F4 /* Debug */,
				94256AD2288B71D4007088F4 /* Release */,
			);
			defaultConfigurationIsVisible = 0;
			defaultConfigurationName = Release;
		};
		94256AD3288B71D4007088F4 /* Build configuration list for PBXNativeTarget "GuessTheColor" */ = {
			isa = XCConfigurationList;
			buildConfigurations = (
				94256AD4288B71D4007088F4 /* Debug */,
				94256AD5288B71D4007088F4 /* Release */,
			);
			defaultConfigurationIsVisible = 0;
			defaultConfigurationName = Release;
		};
		94256AD6288B71D4007088F4 /* Build configuration list for PBXNativeTarget "GuessTheColorTests" */ = {
			isa = XCConfigurationList;
			buildConfigurations = (
				94256AD7288B71D4007088F4 /* Debug */,
				94256AD8288B71D4007088F4 /* Release */,
			);
			defaultConfigurationIsVisible = 0;
			defaultConfigurationName = Release;
		};
		94256AD9288B71D4007088F4 /* Build configuration list for PBXNativeTarget "GuessTheColorUITests" */ = {
			isa = XCConfigurationList;
			buildConfigurations = (
				94256ADA288B71D4007088F4 /* Debug */,
				94256ADB288B71D4007088F4 /* Release */,
			);
			defaultConfigurationIsVisible = 0;
			defaultConfigurationName = Release;
		};
/* End XCConfigurationList section */
	};
	rootObject = 94256AA7288B71D3007088F4 /* Project object */;
}
